
Microsoft Visual Studio Solution File, Format Version 12.00
Project("{FAE04EC0-301F-11D3-BF4B-00C04F79EFBC}") = "Mini.CoWorkify.API", "Mini.CoWorkify.API\Mini.CoWorkify.API.csproj", "{29402188-45D4-4E77-A9F9-F2A83E8A103D}"
EndProject
Global
	GlobalSection(SolutionConfigurationPlatforms) = preSolution
		Debug|Any CPU = Debug|Any CPU
		Release|Any CPU = Release|Any CPU
	EndGlobalSection
	GlobalSection(ProjectConfigurationPlatforms) = postSolution
		{29402188-45D4-4E77-A9F9-F2A83E8A103D}.Debug|Any CPU.ActiveCfg = Debug|Any CPU
		{29402188-45D4-4E77-A9F9-F2A83E8A103D}.Debug|Any CPU.Build.0 = Debug|Any CPU
		{29402188-45D4-4E77-A9F9-F2A83E8A103D}.Release|Any CPU.ActiveCfg = Release|Any CPU
		{29402188-45D4-4E77-A9F9-F2A83E8A103D}.Release|Any CPU.Build.0 = Release|Any CPU
	EndGlobalSection
EndGlobal
